// !$*UTF8*$!
{
	archiveVersion = 1;
	classes = {
	};
	objectVersion = 46;
	objects = {

/* Begin PBXBuildFile section */
		0402973A1ABEE98A0028422E /* NSData+CHUtil.m in Sources */ = {isa = PBXBuildFile; fileRef = 040297351ABEE98A0028422E /* NSData+CHUtil.m */; };
		0402973B1ABEE98A0028422E /* NSDate+CHUtil.m in Sources */ = {isa = PBXBuildFile; fileRef = 040297371ABEE98A0028422E /* NSDate+CHUtil.m */; };
		0402973C1ABEE98A0028422E /* NSString+CHUtil.m in Sources */ = {isa = PBXBuildFile; fileRef = 040297391ABEE98A0028422E /* NSString+CHUtil.m */; };
		040297411ABEEA220028422E /* InternationalUtil.m in Sources */ = {isa = PBXBuildFile; fileRef = 0402973E1ABEEA220028422E /* InternationalUtil.m */; };
		040297421ABEEA220028422E /* Language.m in Sources */ = {isa = PBXBuildFile; fileRef = 040297401ABEEA220028422E /* Language.m */; };
		04E273961ABBE709009F1F5B /* main.m in Sources */ = {isa = PBXBuildFile; fileRef = 04E273951ABBE709009F1F5B /* main.m */; };
		04E273991ABBE709009F1F5B /* AppDelegate.m in Sources */ = {isa = PBXBuildFile; fileRef = 04E273981ABBE709009F1F5B /* AppDelegate.m */; };
		04E2739C1ABBE709009F1F5B /* ViewController.m in Sources */ = {isa = PBXBuildFile; fileRef = 04E2739B1ABBE709009F1F5B /* ViewController.m */; };
		04E2739F1ABBE709009F1F5B /* Main.storyboard in Resources */ = {isa = PBXBuildFile; fileRef = 04E2739D1ABBE709009F1F5B /* Main.storyboard */; };
		04E273A11ABBE709009F1F5B /* Images.xcassets in Resources */ = {isa = PBXBuildFile; fileRef = 04E273A01ABBE709009F1F5B /* Images.xcassets */; };
		04E273A41ABBE709009F1F5B /* LaunchScreen.xib in Resources */ = {isa = PBXBuildFile; fileRef = 04E273A21ABBE709009F1F5B /* LaunchScreen.xib */; };
		04E273B01ABBE709009F1F5B /* MyXCTestForCategoryTests.m in Sources */ = {isa = PBXBuildFile; fileRef = 04E273AF1ABBE709009F1F5B /* MyXCTestForCategoryTests.m */; };
		04E273DF1ABBEC69009F1F5B /* InfoPlist.strings in Resources */ = {isa = PBXBuildFile; fileRef = 04E273D51ABBEC69009F1F5B /* InfoPlist.strings */; };
		04E273E01ABBEC69009F1F5B /* International.strings in Resources */ = {isa = PBXBuildFile; fileRef = 04E273D71ABBEC69009F1F5B /* International.strings */; };
		04E273E71ABBF3A1009F1F5B /* CoreFoundation.framework in Frameworks */ = {isa = PBXBuildFile; fileRef = 04E273E61ABBF3A1009F1F5B /* CoreFoundation.framework */; };
		04E273E91ABBF3A6009F1F5B /* UIKit.framework in Frameworks */ = {isa = PBXBuildFile; fileRef = 04E273E81ABBF3A6009F1F5B /* UIKit.framework */; };
/* End PBXBuildFile section */

/* Begin PBXContainerItemProxy section */
		04E273AA1ABBE709009F1F5B /* PBXContainerItemProxy */ = {
			isa = PBXContainerItemProxy;
			containerPortal = 04E273881ABBE709009F1F5B /* Project object */;
			proxyType = 1;
			remoteGlobalIDString = 04E2738F1ABBE709009F1F5B;
			remoteInfo = MyXCTestForCategory;
		};
/* End PBXContainerItemProxy section */

/* Begin PBXFileReference section */
		040297341ABEE98A0028422E /* NSData+CHUtil.h */ = {isa = PBXFileReference; fileEncoding = 4; lastKnownFileType = sourcecode.c.h; path = "NSData+CHUtil.h"; sourceTree = "<group>"; };
		040297351ABEE98A0028422E /* NSData+CHUtil.m */ = {isa = PBXFileReference; fileEncoding = 4; lastKnownFileType = sourcecode.c.objc; path = "NSData+CHUtil.m"; sourceTree = "<group>"; };
		040297361ABEE98A0028422E /* NSDate+CHUtil.h */ = {isa = PBXFileReference; fileEncoding = 4; lastKnownFileType = sourcecode.c.h; path = "NSDate+CHUtil.h"; sourceTree = "<group>"; };
		040297371ABEE98A0028422E /* NSDate+CHUtil.m */ = {isa = PBXFileReference; fileEncoding = 4; lastKnownFileType = sourcecode.c.objc; path = "NSDate+CHUtil.m"; sourceTree = "<group>"; };
		040297381ABEE98A0028422E /* NSString+CHUtil.h */ = {isa = PBXFileReference; fileEncoding = 4; lastKnownFileType = sourcecode.c.h; path = "NSString+CHUtil.h"; sourceTree = "<group>"; };
		040297391ABEE98A0028422E /* NSString+CHUtil.m */ = {isa = PBXFileReference; fileEncoding = 4; lastKnownFileType = sourcecode.c.objc; path = "NSString+CHUtil.m"; sourceTree = "<group>"; };
		0402973D1ABEEA220028422E /* InternationalUtil.h */ = {isa = PBXFileReference; fileEncoding = 4; lastKnownFileType = sourcecode.c.h; path = InternationalUtil.h; sourceTree = "<group>"; };
		0402973E1ABEEA220028422E /* InternationalUtil.m */ = {isa = PBXFileReference; fileEncoding = 4; lastKnownFileType = sourcecode.c.objc; path = InternationalUtil.m; sourceTree = "<group>"; };
		0402973F1ABEEA220028422E /* Language.h */ = {isa = PBXFileReference; fileEncoding = 4; lastKnownFileType = sourcecode.c.h; path = Language.h; sourceTree = "<group>"; };
		040297401ABEEA220028422E /* Language.m */ = {isa = PBXFileReference; fileEncoding = 4; lastKnownFileType = sourcecode.c.objc; path = Language.m; sourceTree = "<group>"; };
		04E273901ABBE709009F1F5B /* MyXCTestForCategory.app */ = {isa = PBXFileReference; explicitFileType = wrapper.application; includeInIndex = 0; path = MyXCTestForCategory.app; sourceTree = BUILT_PRODUCTS_DIR; };
		04E273951ABBE709009F1F5B /* main.m */ = {isa = PBXFileReference; lastKnownFileType = sourcecode.c.objc; path = main.m; sourceTree = "<group>"; };
		04E273971ABBE709009F1F5B /* AppDelegate.h */ = {isa = PBXFileReference; lastKnownFileType = sourcecode.c.h; path = AppDelegate.h; sourceTree = "<group>"; };
		04E273981ABBE709009F1F5B /* AppDelegate.m */ = {isa = PBXFileReference; lastKnownFileType = sourcecode.c.objc; path = AppDelegate.m; sourceTree = "<group>"; };
		04E2739A1ABBE709009F1F5B /* ViewController.h */ = {isa = PBXFileReference; lastKnownFileType = sourcecode.c.h; path = ViewController.h; sourceTree = "<group>"; };
		04E2739B1ABBE709009F1F5B /* ViewController.m */ = {isa = PBXFileReference; lastKnownFileType = sourcecode.c.objc; path = ViewController.m; sourceTree = "<group>"; };
		04E2739E1ABBE709009F1F5B /* Base */ = {isa = PBXFileReference; lastKnownFileType = file.storyboard; name = Base; path = Base.lproj/Main.storyboard; sourceTree = "<group>"; };
		04E273A01ABBE709009F1F5B /* Images.xcassets */ = {isa = PBXFileReference; lastKnownFileType = folder.assetcatalog; path = Images.xcassets; sourceTree = "<group>"; };
		04E273A31ABBE709009F1F5B /* Base */ = {isa = PBXFileReference; lastKnownFileType = file.xib; name = Base; path = Base.lproj/LaunchScreen.xib; sourceTree = "<group>"; };
		04E273A91ABBE709009F1F5B /* MyXCTestForCategoryTests.xctest */ = {isa = PBXFileReference; explicitFileType = wrapper.cfbundle; includeInIndex = 0; path = MyXCTestForCategoryTests.xctest; sourceTree = BUILT_PRODUCTS_DIR; };
		04E273AE1ABBE709009F1F5B /* Info.plist */ = {isa = PBXFileReference; lastKnownFileType = text.plist.xml; path = Info.plist; sourceTree = "<group>"; };
		04E273AF1ABBE709009F1F5B /* MyXCTestForCategoryTests.m */ = {isa = PBXFileReference; lastKnownFileType = sourcecode.c.objc; path = MyXCTestForCategoryTests.m; sourceTree = "<group>"; };
		04E273D61ABBEC69009F1F5B /* en */ = {isa = PBXFileReference; lastKnownFileType = text.plist.strings; name = en; path = en.lproj/InfoPlist.strings; sourceTree = "<group>"; };
		04E273D81ABBEC69009F1F5B /* en */ = {isa = PBXFileReference; lastKnownFileType = text.plist.strings; name = en; path = en.lproj/International.strings; sourceTree = "<group>"; };
		04E273D91ABBEC69009F1F5B /* ja */ = {isa = PBXFileReference; lastKnownFileType = text.plist.strings; name = ja; path = ja.lproj/InfoPlist.strings; sourceTree = "<group>"; };
		04E273DA1ABBEC69009F1F5B /* ja */ = {isa = PBXFileReference; lastKnownFileType = text.plist.strings; name = ja; path = ja.lproj/International.strings; sourceTree = "<group>"; };
		04E273DB1ABBEC69009F1F5B /* zh-Hans */ = {isa = PBXFileReference; lastKnownFileType = text.plist.strings; name = "zh-Hans"; path = "zh-Hans.lproj/InfoPlist.strings"; sourceTree = "<group>"; };
		04E273DC1ABBEC69009F1F5B /* zh-Hans */ = {isa = PBXFileReference; lastKnownFileType = text.plist.strings; name = "zh-Hans"; path = "zh-Hans.lproj/International.strings"; sourceTree = "<group>"; };
		04E273DD1ABBEC69009F1F5B /* zh-Hant */ = {isa = PBXFileReference; lastKnownFileType = text.plist.strings; name = "zh-Hant"; path = "zh-Hant.lproj/InfoPlist.strings"; sourceTree = "<group>"; };
		04E273DE1ABBEC69009F1F5B /* zh-Hant */ = {isa = PBXFileReference; lastKnownFileType = text.plist.strings; name = "zh-Hant"; path = "zh-Hant.lproj/International.strings"; sourceTree = "<group>"; };
		04E273E11ABBF228009F1F5B /* zh-Hans */ = {isa = PBXFileReference; lastKnownFileType = text.plist.xml; name = "zh-Hans"; path = "zh-Hans.lproj/Info.plist"; sourceTree = "<group>"; };
		04E273E31ABBF22C009F1F5B /* ja */ = {isa = PBXFileReference; lastKnownFileType = text.plist.xml; name = ja; path = ja.lproj/Info.plist; sourceTree = "<group>"; };
		04E273E41ABBF22C009F1F5B /* en */ = {isa = PBXFileReference; lastKnownFileType = text.plist.xml; name = en; path = en.lproj/Info.plist; sourceTree = "<group>"; };
		04E273E51ABBF22E009F1F5B /* zh-Hant */ = {isa = PBXFileReference; lastKnownFileType = text.plist.xml; name = "zh-Hant"; path = "zh-Hant.lproj/Info.plist"; sourceTree = "<group>"; };
		04E273E61ABBF3A1009F1F5B /* CoreFoundation.framework */ = {isa = PBXFileReference; lastKnownFileType = wrapper.framework; name = CoreFoundation.framework; path = System/Library/Frameworks/CoreFoundation.framework; sourceTree = SDKROOT; };
		04E273E81ABBF3A6009F1F5B /* UIKit.framework */ = {isa = PBXFileReference; lastKnownFileType = wrapper.framework; name = UIKit.framework; path = System/Library/Frameworks/UIKit.framework; sourceTree = SDKROOT; };
/* End PBXFileReference section */

/* Begin PBXFrameworksBuildPhase section */
		04E2738D1ABBE709009F1F5B /* Frameworks */ = {
			isa = PBXFrameworksBuildPhase;
			buildActionMask = 2147483647;
			files = (
				04E273E91ABBF3A6009F1F5B /* UIKit.framework in Frameworks */,
				04E273E71ABBF3A1009F1F5B /* CoreFoundation.framework in Frameworks */,
			);
			runOnlyForDeploymentPostprocessing = 0;
		};
		04E273A61ABBE709009F1F5B /* Frameworks */ = {
			isa = PBXFrameworksBuildPhase;
			buildActionMask = 2147483647;
			files = (
			);
			runOnlyForDeploymentPostprocessing = 0;
		};
/* End PBXFrameworksBuildPhase section */

/* Begin PBXGroup section */
		04E273871ABBE709009F1F5B = {
			isa = PBXGroup;
			children = (
				04E273921ABBE709009F1F5B /* MyXCTestForCategory */,
				04E273AC1ABBE709009F1F5B /* MyXCTestForCategoryTests */,
				04E273911ABBE709009F1F5B /* Products */,
			);
			sourceTree = "<group>";
		};
		04E273911ABBE709009F1F5B /* Products */ = {
			isa = PBXGroup;
			children = (
				04E273901ABBE709009F1F5B /* MyXCTestForCategory.app */,
				04E273A91ABBE709009F1F5B /* MyXCTestForCategoryTests.xctest */,
			);
			name = Products;
			sourceTree = "<group>";
		};
		04E273921ABBE709009F1F5B /* MyXCTestForCategory */ = {
			isa = PBXGroup;
			children = (
				04E273BC1ABBE820009F1F5B /* Common */,
				04E273971ABBE709009F1F5B /* AppDelegate.h */,
				04E273981ABBE709009F1F5B /* AppDelegate.m */,
				04E2739A1ABBE709009F1F5B /* ViewController.h */,
				04E2739B1ABBE709009F1F5B /* ViewController.m */,
				04E2739D1ABBE709009F1F5B /* Main.storyboard */,
				04E273A01ABBE709009F1F5B /* Images.xcassets */,
				04E273A21ABBE709009F1F5B /* LaunchScreen.xib */,
				04E273F01ABBF7CA009F1F5B /* Framworks */,
				04E273931ABBE709009F1F5B /* Supporting Files */,
				04E273D31ABBEC69009F1F5B /* Resources */,
			);
			path = MyXCTestForCategory;
			sourceTree = "<group>";
		};
		04E273931ABBE709009F1F5B /* Supporting Files */ = {
			isa = PBXGroup;
			children = (
				04E273E21ABBF228009F1F5B /* Info.plist */,
				04E273951ABBE709009F1F5B /* main.m */,
			);
			name = "Supporting Files";
			sourceTree = "<group>";
		};
		04E273AC1ABBE709009F1F5B /* MyXCTestForCategoryTests */ = {
			isa = PBXGroup;
			children = (
				04E273AF1ABBE709009F1F5B /* MyXCTestForCategoryTests.m */,
				04E273AD1ABBE709009F1F5B /* Supporting Files */,
			);
			path = MyXCTestForCategoryTests;
			sourceTree = "<group>";
		};
		04E273AD1ABBE709009F1F5B /* Supporting Files */ = {
			isa = PBXGroup;
			children = (
				04E273AE1ABBE709009F1F5B /* Info.plist */,
			);
			name = "Supporting Files";
			sourceTree = "<group>";
		};
		04E273BC1ABBE820009F1F5B /* Common */ = {
			isa = PBXGroup;
			children = (
				0402973D1ABEEA220028422E /* InternationalUtil.h */,
				0402973E1ABEEA220028422E /* InternationalUtil.m */,
				0402973F1ABEEA220028422E /* Language.h */,
				040297401ABEEA220028422E /* Language.m */,
				040297341ABEE98A0028422E /* NSData+CHUtil.h */,
				040297351ABEE98A0028422E /* NSData+CHUtil.m */,
				040297361ABEE98A0028422E /* NSDate+CHUtil.h */,
				040297371ABEE98A0028422E /* NSDate+CHUtil.m */,
				040297381ABEE98A0028422E /* NSString+CHUtil.h */,
				040297391ABEE98A0028422E /* NSString+CHUtil.m */,
			);
			path = Common;
			sourceTree = "<group>";
		};
		04E273D31ABBEC69009F1F5B /* Resources */ = {
			isa = PBXGroup;
			children = (
				04E273D41ABBEC69009F1F5B /* Global */,
			);
			path = Resources;
			sourceTree = "<group>";
		};
		04E273D41ABBEC69009F1F5B /* Global */ = {
			isa = PBXGroup;
			children = (
				04E273D51ABBEC69009F1F5B /* InfoPlist.strings */,
				04E273D71ABBEC69009F1F5B /* International.strings */,
			);
			path = Global;
			sourceTree = "<group>";
		};
		04E273F01ABBF7CA009F1F5B /* Framworks */ = {
			isa = PBXGroup;
			children = (
				04E273E81ABBF3A6009F1F5B /* UIKit.framework */,
				04E273E61ABBF3A1009F1F5B /* CoreFoundation.framework */,
			);
			path = Framworks;
			sourceTree = "<group>";
		};
/* End PBXGroup section */

/* Begin PBXNativeTarget section */
		04E2738F1ABBE709009F1F5B /* MyXCTestForCategory */ = {
			isa = PBXNativeTarget;
			buildConfigurationList = 04E273B31ABBE709009F1F5B /* Build configuration list for PBXNativeTarget "MyXCTestForCategory" */;
			buildPhases = (
				04E2738C1ABBE709009F1F5B /* Sources */,
				04E2738D1ABBE709009F1F5B /* Frameworks */,
				04E2738E1ABBE709009F1F5B /* Resources */,
			);
			buildRules = (
			);
			dependencies = (
			);
			name = MyXCTestForCategory;
			productName = MyXCTestForCategory;
			productReference = 04E273901ABBE709009F1F5B /* MyXCTestForCategory.app */;
			productType = "com.apple.product-type.application";
		};
		04E273A81ABBE709009F1F5B /* MyXCTestForCategoryTests */ = {
			isa = PBXNativeTarget;
			buildConfigurationList = 04E273B61ABBE709009F1F5B /* Build configuration list for PBXNativeTarget "MyXCTestForCategoryTests" */;
			buildPhases = (
				04E273A51ABBE709009F1F5B /* Sources */,
				04E273A61ABBE709009F1F5B /* Frameworks */,
				04E273A71ABBE709009F1F5B /* Resources */,
			);
			buildRules = (
			);
			dependencies = (
				04E273AB1ABBE709009F1F5B /* PBXTargetDependency */,
			);
			name = MyXCTestForCategoryTests;
			productName = MyXCTestForCategoryTests;
			productReference = 04E273A91ABBE709009F1F5B /* MyXCTestForCategoryTests.xctest */;
			productType = "com.apple.product-type.bundle.unit-test";
		};
/* End PBXNativeTarget section */

/* Begin PBXProject section */
		04E273881ABBE709009F1F5B /* Project object */ = {
			isa = PBXProject;
			attributes = {
				LastUpgradeCheck = 0620;
				ORGANIZATIONNAME = chang;
				TargetAttributes = {
					04E2738F1ABBE709009F1F5B = {
						CreatedOnToolsVersion = 6.2;
					};
					04E273A81ABBE709009F1F5B = {
						CreatedOnToolsVersion = 6.2;
						TestTargetID = 04E2738F1ABBE709009F1F5B;
					};
				};
			};
			buildConfigurationList = 04E2738B1ABBE709009F1F5B /* Build configuration list for PBXProject "MyXCTestForCategory" */;
			compatibilityVersion = "Xcode 3.2";
			developmentRegion = English;
			hasScannedForEncodings = 0;
			knownRegions = (
				en,
				Base,
				ja,
				"zh-Hans",
				"zh-Hant",
			);
			mainGroup = 04E273871ABBE709009F1F5B;
			productRefGroup = 04E273911ABBE709009F1F5B /* Products */;
			projectDirPath = "";
			projectRoot = "";
			targets = (
				04E2738F1ABBE709009F1F5B /* MyXCTestForCategory */,
				04E273A81ABBE709009F1F5B /* MyXCTestForCategoryTests */,
			);
		};
/* End PBXProject section */

/* Begin PBXResourcesBuildPhase section */
		04E2738E1ABBE709009F1F5B /* Resources */ = {
			isa = PBXResourcesBuildPhase;
			buildActionMask = 2147483647;
			files = (
				04E2739F1ABBE709009F1F5B /* Main.storyboard in Resources */,
				04E273DF1ABBEC69009F1F5B /* InfoPlist.strings in Resources */,
				04E273A41ABBE709009F1F5B /* LaunchScreen.xib in Resources */,
				04E273A11ABBE709009F1F5B /* Images.xcassets in Resources */,
				04E273E01ABBEC69009F1F5B /* International.strings in Resources */,
			);
			runOnlyForDeploymentPostprocessing = 0;
		};
		04E273A71ABBE709009F1F5B /* Resources */ = {
			isa = PBXResourcesBuildPhase;
			buildActionMask = 2147483647;
			files = (
			);
			runOnlyForDeploymentPostprocessing = 0;
		};
/* End PBXResourcesBuildPhase section */

/* Begin PBXSourcesBuildPhase section */
		04E2738C1ABBE709009F1F5B /* Sources */ = {
			isa = PBXSourcesBuildPhase;
			buildActionMask = 2147483647;
			files = (
				040297421ABEEA220028422E /* Language.m in Sources */,
				0402973B1ABEE98A0028422E /* NSDate+CHUtil.m in Sources */,
				04E2739C1ABBE709009F1F5B /* ViewController.m in Sources */,
				04E273991ABBE709009F1F5B /* AppDelegate.m in Sources */,
				0402973C1ABEE98A0028422E /* NSString+CHUtil.m in Sources */,
				040297411ABEEA220028422E /* InternationalUtil.m in Sources */,
				04E273961ABBE709009F1F5B /* main.m in Sources */,
				0402973A1ABEE98A0028422E /* NSData+CHUtil.m in Sources */,
			);
			runOnlyForDeploymentPostprocessing = 0;
		};
		04E273A51ABBE709009F1F5B /* Sources */ = {
			isa = PBXSourcesBuildPhase;
			buildActionMask = 2147483647;
			files = (
				04E273B01ABBE709009F1F5B /* MyXCTestForCategoryTests.m in Sources */,
			);
			runOnlyForDeploymentPostprocessing = 0;
		};
/* End PBXSourcesBuildPhase section */

/* Begin PBXTargetDependency section */
		04E273AB1ABBE709009F1F5B /* PBXTargetDependency */ = {
			isa = PBXTargetDependency;
			target = 04E2738F1ABBE709009F1F5B /* MyXCTestForCategory */;
			targetProxy = 04E273AA1ABBE709009F1F5B /* PBXContainerItemProxy */;
		};
/* End PBXTargetDependency section */

/* Begin PBXVariantGroup section */
		04E2739D1ABBE709009F1F5B /* Main.storyboard */ = {
			isa = PBXVariantGroup;
			children = (
				04E2739E1ABBE709009F1F5B /* Base */,
			);
			name = Main.storyboard;
			sourceTree = "<group>";
		};
		04E273A21ABBE709009F1F5B /* LaunchScreen.xib */ = {
			isa = PBXVariantGroup;
			children = (
				04E273A31ABBE709009F1F5B /* Base */,
			);
			name = LaunchScreen.xib;
			sourceTree = "<group>";
		};
		04E273D51ABBEC69009F1F5B /* InfoPlist.strings */ = {
			isa = PBXVariantGroup;
			children = (
				04E273D61ABBEC69009F1F5B /* en */,
				04E273D91ABBEC69009F1F5B /* ja */,
				04E273DB1ABBEC69009F1F5B /* zh-Hans */,
				04E273DD1ABBEC69009F1F5B /* zh-Hant */,
			);
			name = InfoPlist.strings;
			sourceTree = "<group>";
		};
		04E273D71ABBEC69009F1F5B /* International.strings */ = {
			isa = PBXVariantGroup;
			children = (
				04E273D81ABBEC69009F1F5B /* en */,
				04E273DA1ABBEC69009F1F5B /* ja */,
				04E273DC1ABBEC69009F1F5B /* zh-Hans */,
				04E273DE1ABBEC69009F1F5B /* zh-Hant */,
			);
			name = International.strings;
			sourceTree = "<group>";
		};
		04E273E21ABBF228009F1F5B /* Info.plist */ = {
			isa = PBXVariantGroup;
			children = (
				04E273E11ABBF228009F1F5B /* zh-Hans */,
				04E273E31ABBF22C009F1F5B /* ja */,
				04E273E41ABBF22C009F1F5B /* en */,
				04E273E51ABBF22E009F1F5B /* zh-Hant */,
			);
			name = Info.plist;
			sourceTree = "<group>";
		};
/* End PBXVariantGroup section */

/* Begin XCBuildConfiguration section */
		04E273B11ABBE709009F1F5B /* Debug */ = {
			isa = XCBuildConfiguration;
			buildSettings = {
				ALWAYS_SEARCH_USER_PATHS = NO;
				CLANG_CXX_LANGUAGE_STANDARD = "gnu++0x";
				CLANG_CXX_LIBRARY = "libc++";
				CLANG_ENABLE_MODULES = YES;
				CLANG_ENABLE_OBJC_ARC = YES;
				CLANG_WARN_BOOL_CONVERSION = YES;
				CLANG_WARN_CONSTANT_CONVERSION = YES;
				CLANG_WARN_DIRECT_OBJC_ISA_USAGE = YES_ERROR;
				CLANG_WARN_EMPTY_BODY = YES;
				CLANG_WARN_ENUM_CONVERSION = YES;
				CLANG_WARN_INT_CONVERSION = YES;
				CLANG_WARN_OBJC_ROOT_CLASS = YES_ERROR;
				CLANG_WARN_UNREACHABLE_CODE = YES;
				CLANG_WARN__DUPLICATE_METHOD_MATCH = YES;
				"CODE_SIGN_IDENTITY[sdk=iphoneos*]" = "iPhone Developer";
				COPY_PHASE_STRIP = NO;
				ENABLE_STRICT_OBJC_MSGSEND = YES;
				GCC_C_LANGUAGE_STANDARD = gnu99;
				GCC_DYNAMIC_NO_PIC = NO;
				GCC_OPTIMIZATION_LEVEL = 0;
				GCC_PREPROCESSOR_DEFINITIONS = (
					"DEBUG=1",
					"$(inherited)",
				);
				GCC_SYMBOLS_PRIVATE_EXTERN = NO;
				GCC_WARN_64_TO_32_BIT_CONVERSION = YES;
				GCC_WARN_ABOUT_RETURN_TYPE = YES_ERROR;
				GCC_WARN_UNDECLARED_SELECTOR = YES;
				GCC_WARN_UNINITIALIZED_AUTOS = YES_AGGRESSIVE;
				GCC_WARN_UNUSED_FUNCTION = YES;
				GCC_WARN_UNUSED_VARIABLE = YES;
				IPHONEOS_DEPLOYMENT_TARGET = 8.2;
				MTL_ENABLE_DEBUG_INFO = YES;
				ONLY_ACTIVE_ARCH = YES;
				SDKROOT = iphoneos;
			};
			name = Debug;
		};
		04E273B21ABBE709009F1F5B /* Release */ = {
			isa = XCBuildConfiguration;
			buildSettings = {
				ALWAYS_SEARCH_USER_PATHS = NO;
				CLANG_CXX_LANGUAGE_STANDARD = "gnu++0x";
				CLANG_CXX_LIBRARY = "libc++";
				CLANG_ENABLE_MODULES = YES;
				CLANG_ENABLE_OBJC_ARC = YES;
				CLANG_WARN_BOOL_CONVERSION = YES;
				CLANG_WARN_CONSTANT_CONVERSION = YES;
				CLANG_WARN_DIRECT_OBJC_ISA_USAGE = YES_ERROR;
				CLANG_WARN_EMPTY_BODY = YES;
				CLANG_WARN_ENUM_CONVERSION = YES;
				CLANG_WARN_INT_CONVERSION = YES;
				CLANG_WARN_OBJC_ROOT_CLASS = YES_ERROR;
				CLANG_WARN_UNREACHABLE_CODE = YES;
				CLANG_WARN__DUPLICATE_METHOD_MATCH = YES;
				"CODE_SIGN_IDENTITY[sdk=iphoneos*]" = "iPhone Developer";
				COPY_PHASE_STRIP = NO;
				ENABLE_NS_ASSERTIONS = NO;
				ENABLE_STRICT_OBJC_MSGSEND = YES;
				GCC_C_LANGUAGE_STANDARD = gnu99;
				GCC_WARN_64_TO_32_BIT_CONVERSION = YES;
				GCC_WARN_ABOUT_RETURN_TYPE = YES_ERROR;
				GCC_WARN_UNDECLARED_SELECTOR = YES;
				GCC_WARN_UNINITIALIZED_AUTOS = YES_AGGRESSIVE;
				GCC_WARN_UNUSED_FUNCTION = YES;
				GCC_WARN_UNUSED_VARIABLE = YES;
				IPHONEOS_DEPLOYMENT_TARGET = 8.2;
				MTL_ENABLE_DEBUG_INFO = NO;
				SDKROOT = iphoneos;
				VALIDATE_PRODUCT = YES;
			};
			name = Release;
		};
		04E273B41ABBE709009F1F5B /* Debug */ = {
			isa = XCBuildConfiguration;
			buildSettings = {
				ASSETCATALOG_COMPILER_APPICON_NAME = AppIcon;
				INFOPLIST_FILE = MyXCTestForCategory/Info.plist;
				LD_RUNPATH_SEARCH_PATHS = "$(inherited) @executable_path/Frameworks";
				PRODUCT_NAME = "$(TARGET_NAME)";
			};
			name = Debug;
		};
		04E273B51ABBE709009F1F5B /* Release */ = {
			isa = XCBuildConfiguration;
			buildSettings = {
				ASSETCATALOG_COMPILER_APPICON_NAME = AppIcon;
				INFOPLIST_FILE = MyXCTestForCategory/Info.plist;
				LD_RUNPATH_SEARCH_PATHS = "$(inherited) @executable_path/Frameworks";
				PRODUCT_NAME = "$(TARGET_NAME)";
			};
			name = Release;
		};
		04E273B71ABBE709009F1F5B /* Debug */ = {
			isa = XCBuildConfiguration;
			buildSettings = {
				BUNDLE_LOADER = "$(TEST_HOST)";
				FRAMEWORK_SEARCH_PATHS = (
					"$(SDKROOT)/Developer/Library/Frameworks",
					"$(inherited)",
				);
				GCC_PREPROCESSOR_DEFINITIONS = (
					"DEBUG=1",
					"$(inherited)",
				);
				INFOPLIST_FILE = MyXCTestForCategoryTests/Info.plist;
				LD_RUNPATH_SEARCH_PATHS = "$(inherited) @executable_path/Frameworks @loader_path/Frameworks";
				PRODUCT_NAME = "$(TARGET_NAME)";
				TEST_HOST = "$(BUILT_PRODUCTS_DIR)/MyXCTestForCategory.app/MyXCTestForCategory";
			};
			name = Debug;
		};
		04E273B81ABBE709009F1F5B /* Release */ = {
			isa = XCBuildConfiguration;
			buildSettings = {
				BUNDLE_LOADER = "$(TEST_HOST)";
				FRAMEWORK_SEARCH_PATHS = (
					"$(SDKROOT)/Developer/Library/Frameworks",
					"$(inherited)",
				);
				INFOPLIST_FILE = MyXCTestForCategoryTests/Info.plist;
				LD_RUNPATH_SEARCH_PATHS = "$(inherited) @executable_path/Frameworks @loader_path/Frameworks";
				PRODUCT_NAME = "$(TARGET_NAME)";
				TEST_HOST = "$(BUILT_PRODUCTS_DIR)/MyXCTestForCategory.app/MyXCTestForCategory";
			};
			name = Release;
		};
/* End XCBuildConfiguration section */

/* Begin XCConfigurationList section */
		04E2738B1ABBE709009F1F5B /* Build configuration list for PBXProject "MyXCTestForCategory" */ = {
			isa = XCConfigurationList;
			buildConfigurations = (
				04E273B11ABBE709009F1F5B /* Debug */,
				04E273B21ABBE709009F1F5B /* Release */,
			);
			defaultConfigurationIsVisible = 0;
			defaultConfigurationName = Release;
		};
		04E273B31ABBE709009F1F5B /* Build configuration list for PBXNativeTarget "MyXCTestForCategory" */ = {
			isa = XCConfigurationList;
			buildConfigurations = (
				04E273B41ABBE709009F1F5B /* Debug */,
				04E273B51ABBE709009F1F5B /* Release */,
			);
			defaultConfigurationIsVisible = 0;
			defaultConfigurationName = Release;
		};
		04E273B61ABBE709009F1F5B /* Build configuration list for PBXNativeTarget "MyXCTestForCategoryTests" */ = {
			isa = XCConfigurationList;
			buildConfigurations = (
				04E273B71ABBE709009F1F5B /* Debug */,
				04E273B81ABBE709009F1F5B /* Release */,
			);
			defaultConfigurationIsVisible = 0;
			defaultConfigurationName = Release;
		};
/* End XCConfigurationList section */
	};
	rootObject = 04E273881ABBE709009F1F5B /* Project object */;
}
